
Microsoft Visual Studio Solution File, Format Version 12.00
# Visual Studio 2012
Project("{FAE04EC0-301F-11D3-BF4B-00C04F79EFBC}") = "PcapngFile", "PcapngFile\PcapngFile.csproj", "{E18F5794-D052-46DB-830B-A389A2066F95}"
EndProject
Project("{FAE04EC0-301F-11D3-BF4B-00C04F79EFBC}") = "PcapngFile.Tests", "PcapngFile.Tests\PcapngFile.Tests.csproj", "{E2D3555B-64E5-4C6C-9D61-EE36E392F26C}"
EndProject
Global
	GlobalSection(SolutionConfigurationPlatforms) = preSolution
		Debug|Any CPU = Debug|Any CPU
		Release|Any CPU = Release|Any CPU
	EndGlobalSection
	GlobalSection(ProjectConfigurationPlatforms) = postSolution
		{E18F5794-D052-46DB-830B-A389A2066F95}.Debug|Any CPU.ActiveCfg = Debug|Any CPU
		{E18F5794-D052-46DB-830B-A389A2066F95}.Debug|Any CPU.Build.0 = Debug|Any CPU
		{E18F5794-D052-46DB-830B-A389A2066F95}.Release|Any CPU.ActiveCfg = Release|Any CPU
		{E18F5794-D052-46DB-830B-A389A2066F95}.Release|Any CPU.Build.0 = Release|Any CPU
		{E2D3555B-64E5-4C6C-9D61-EE36E392F26C}.Debug|Any CPU.ActiveCfg = Debug|Any CPU
		{E2D3555B-64E5-4C6C-9D61-EE36E392F26C}.Debug|Any CPU.Build.0 = Debug|Any CPU
		{E2D3555B-64E5-4C6C-9D61-EE36E392F26C}.Release|Any CPU.ActiveCfg = Release|Any CPU
		{E2D3555B-64E5-4C6C-9D61-EE36E392F26C}.Release|Any CPU.Build.0 = Release|Any CPU
	EndGlobalSection
	GlobalSection(SolutionProperties) = preSolution
		HideSolutionNode = FALSE
	EndGlobalSection
EndGlobal
